
Microsoft Visual Studio Solution File, Format Version 12.00
# Visual Studio Version 16
VisualStudioVersion = 16.0.31129.286
MinimumVisualStudioVersion = 10.0.40219.1
Project("{2150E333-8FDC-42A3-9474-1A3956D46DE8}") = "1.- Layers", "1.- Layers", "{FB073B3A-E8D9-466D-A587-88CB17A2C3BC}"
EndProject
Project("{2150E333-8FDC-42A3-9474-1A3956D46DE8}") = "1.1.- Presentation", "1.1.- Presentation", "{6821B1EA-1986-447E-8DA4-98541448CAAD}"
EndProject
Project("{2150E333-8FDC-42A3-9474-1A3956D46DE8}") = "1.2.- Distributed Services", "1.2.- Distributed Services", "{04F3BFE4-7058-4942-8C72-573B45D6D1DF}"
EndProject
Project("{2150E333-8FDC-42A3-9474-1A3956D46DE8}") = "1.3.- Bussines", "1.3.- Bussines", "{2430FAB0-6B54-44C1-A496-2C66F00D57E5}"
EndProject
Project("{2150E333-8FDC-42A3-9474-1A3956D46DE8}") = "1.4.- Data Access", "1.4.- Data Access", "{C9B5FBA7-9197-41C6-9B22-3D6BDA42CD36}"
EndProject
Project("{2150E333-8FDC-42A3-9474-1A3956D46DE8}") = "1.5.- Cross-Cutting", "1.5.- Cross-Cutting", "{DF8072A1-5299-47CF-80FC-DF77A9768A26}"
EndProject
Project("{2150E333-8FDC-42A3-9474-1A3956D46DE8}") = "1.1.1.- Web.SPA", "1.1.1.- Web.SPA", "{FC783A40-D0F5-4638-B2D7-42059D9CC3D3}"
EndProject
Project("{FAE04EC0-301F-11D3-BF4B-00C04F79EFBC}") = "Toka.Api", "src\Toka.Api\Toka.Api.csproj", "{935C5B9F-C9C5-413F-A4D6-8265A20B3A3A}"
EndProject
Project("{FAE04EC0-301F-11D3-BF4B-00C04F79EFBC}") = "Toka.Bussines", "src\Toka.Bussines\Toka.Bussines.csproj", "{A41F3A55-6688-4DB6-9842-D79F50CC8EE5}"
EndProject
Project("{FAE04EC0-301F-11D3-BF4B-00C04F79EFBC}") = "Toka.Bussines.Contracts", "src\Toka.Bussines.Contracts\Toka.Bussines.Contracts.csproj", "{97DB8452-C2B2-4A6D-8C81-0384D76A9F25}"
EndProject
Project("{FAE04EC0-301F-11D3-BF4B-00C04F79EFBC}") = "Toka.DataAccess", "src\Toka.DataAccess\Toka.DataAccess.csproj", "{A1795CE3-DB94-44F7-9310-7E24CAAB4DA2}"
EndProject
Project("{FAE04EC0-301F-11D3-BF4B-00C04F79EFBC}") = "Toka.DataAccess.Contracts", "src\Toka.DataAccess.Contracts\Toka.DataAccess.Contracts.csproj", "{475B92F5-641E-45B0-BC05-A33DFF9F7165}"
EndProject
Project("{FAE04EC0-301F-11D3-BF4B-00C04F79EFBC}") = "Toka.CrossCutting", "src\Toka.CrossCutting\Toka.CrossCutting.csproj", "{CEE6A478-DFC0-4A77-946E-33AD21DE54B1}"
EndProject
Project("{FAE04EC0-301F-11D3-BF4B-00C04F79EFBC}") = "Toka.WebApp", "src\Toka.WebApp\Toka.WebApp.csproj", "{890F0FE6-77BB-44CB-8A0F-01DD25702ABF}"
EndProject
Global
	GlobalSection(SolutionConfigurationPlatforms) = preSolution
		Debug|Any CPU = Debug|Any CPU
		Release|Any CPU = Release|Any CPU
	EndGlobalSection
	GlobalSection(ProjectConfigurationPlatforms) = postSolution
		{935C5B9F-C9C5-413F-A4D6-8265A20B3A3A}.Debug|Any CPU.ActiveCfg = Debug|Any CPU
		{935C5B9F-C9C5-413F-A4D6-8265A20B3A3A}.Debug|Any CPU.Build.0 = Debug|Any CPU
		{935C5B9F-C9C5-413F-A4D6-8265A20B3A3A}.Release|Any CPU.ActiveCfg = Release|Any CPU
		{935C5B9F-C9C5-413F-A4D6-8265A20B3A3A}.Release|Any CPU.Build.0 = Release|Any CPU
		{A41F3A55-6688-4DB6-9842-D79F50CC8EE5}.Debug|Any CPU.ActiveCfg = Debug|Any CPU
		{A41F3A55-6688-4DB6-9842-D79F50CC8EE5}.Debug|Any CPU.Build.0 = Debug|Any CPU
		{A41F3A55-6688-4DB6-9842-D79F50CC8EE5}.Release|Any CPU.ActiveCfg = Release|Any CPU
		{A41F3A55-6688-4DB6-9842-D79F50CC8EE5}.Release|Any CPU.Build.0 = Release|Any CPU
		{97DB8452-C2B2-4A6D-8C81-0384D76A9F25}.Debug|Any CPU.ActiveCfg = Debug|Any CPU
		{97DB8452-C2B2-4A6D-8C81-0384D76A9F25}.Debug|Any CPU.Build.0 = Debug|Any CPU
		{97DB8452-C2B2-4A6D-8C81-0384D76A9F25}.Release|Any CPU.ActiveCfg = Release|Any CPU
		{97DB8452-C2B2-4A6D-8C81-0384D76A9F25}.Release|Any CPU.Build.0 = Release|Any CPU
		{A1795CE3-DB94-44F7-9310-7E24CAAB4DA2}.Debug|Any CPU.ActiveCfg = Debug|Any CPU
		{A1795CE3-DB94-44F7-9310-7E24CAAB4DA2}.Debug|Any CPU.Build.0 = Debug|Any CPU
		{A1795CE3-DB94-44F7-9310-7E24CAAB4DA2}.Release|Any CPU.ActiveCfg = Release|Any CPU
		{A1795CE3-DB94-44F7-9310-7E24CAAB4DA2}.Release|Any CPU.Build.0 = Release|Any CPU
		{475B92F5-641E-45B0-BC05-A33DFF9F7165}.Debug|Any CPU.ActiveCfg = Debug|Any CPU
		{475B92F5-641E-45B0-BC05-A33DFF9F7165}.Debug|Any CPU.Build.0 = Debug|Any CPU
		{475B92F5-641E-45B0-BC05-A33DFF9F7165}.Release|Any CPU.ActiveCfg = Release|Any CPU
		{475B92F5-641E-45B0-BC05-A33DFF9F7165}.Release|Any CPU.Build.0 = Release|Any CPU
		{CEE6A478-DFC0-4A77-946E-33AD21DE54B1}.Debug|Any CPU.ActiveCfg = Debug|Any CPU
		{CEE6A478-DFC0-4A77-946E-33AD21DE54B1}.Debug|Any CPU.Build.0 = Debug|Any CPU
		{CEE6A478-DFC0-4A77-946E-33AD21DE54B1}.Release|Any CPU.ActiveCfg = Release|Any CPU
		{CEE6A478-DFC0-4A77-946E-33AD21DE54B1}.Release|Any CPU.Build.0 = Release|Any CPU
		{890F0FE6-77BB-44CB-8A0F-01DD25702ABF}.Debug|Any CPU.ActiveCfg = Debug|Any CPU
		{890F0FE6-77BB-44CB-8A0F-01DD25702ABF}.Debug|Any CPU.Build.0 = Debug|Any CPU
		{890F0FE6-77BB-44CB-8A0F-01DD25702ABF}.Release|Any CPU.ActiveCfg = Release|Any CPU
		{890F0FE6-77BB-44CB-8A0F-01DD25702ABF}.Release|Any CPU.Build.0 = Release|Any CPU
	EndGlobalSection
	GlobalSection(SolutionProperties) = preSolution
		HideSolutionNode = FALSE
	EndGlobalSection
	GlobalSection(NestedProjects) = preSolution
		{6821B1EA-1986-447E-8DA4-98541448CAAD} = {FB073B3A-E8D9-466D-A587-88CB17A2C3BC}
		{04F3BFE4-7058-4942-8C72-573B45D6D1DF} = {FB073B3A-E8D9-466D-A587-88CB17A2C3BC}
		{2430FAB0-6B54-44C1-A496-2C66F00D57E5} = {FB073B3A-E8D9-466D-A587-88CB17A2C3BC}
		{C9B5FBA7-9197-41C6-9B22-3D6BDA42CD36} = {FB073B3A-E8D9-466D-A587-88CB17A2C3BC}
		{DF8072A1-5299-47CF-80FC-DF77A9768A26} = {FB073B3A-E8D9-466D-A587-88CB17A2C3BC}
		{FC783A40-D0F5-4638-B2D7-42059D9CC3D3} = {6821B1EA-1986-447E-8DA4-98541448CAAD}
		{935C5B9F-C9C5-413F-A4D6-8265A20B3A3A} = {04F3BFE4-7058-4942-8C72-573B45D6D1DF}
		{A41F3A55-6688-4DB6-9842-D79F50CC8EE5} = {2430FAB0-6B54-44C1-A496-2C66F00D57E5}
		{97DB8452-C2B2-4A6D-8C81-0384D76A9F25} = {2430FAB0-6B54-44C1-A496-2C66F00D57E5}
		{A1795CE3-DB94-44F7-9310-7E24CAAB4DA2} = {C9B5FBA7-9197-41C6-9B22-3D6BDA42CD36}
		{475B92F5-641E-45B0-BC05-A33DFF9F7165} = {C9B5FBA7-9197-41C6-9B22-3D6BDA42CD36}
		{CEE6A478-DFC0-4A77-946E-33AD21DE54B1} = {DF8072A1-5299-47CF-80FC-DF77A9768A26}
		{890F0FE6-77BB-44CB-8A0F-01DD25702ABF} = {FC783A40-D0F5-4638-B2D7-42059D9CC3D3}
	EndGlobalSection
	GlobalSection(ExtensibilityGlobals) = postSolution
		SolutionGuid = {3F704CFE-B215-418D-B768-CA4204C8510C}
	EndGlobalSection
EndGlobal
